
Microsoft Visual Studio Solution File, Format Version 12.00
# Visual Studio Version 17
VisualStudioVersion = 17.1.32120.378
MinimumVisualStudioVersion = 10.0.40219.1
Project("{9A19103F-16F7-4668-BE54-9A1E7A4F7556}") = "Morris.Blazor.Web.Modal", "Morris.Blazor.Web.Modal\Morris.Blazor.Web.Modal.csproj", "{4B6D01CD-7AC9-41A0-BBFE-BEC9C4009BF0}"
EndProject
Project("{2150E333-8FDC-42A3-9474-1A3956D46DE8}") = "Solution Items", "Solution Items", "{2AD06E95-92E2-4F09-9C1B-6D13D99DDEB5}"
	ProjectSection(SolutionItems) = preProject
		.editorconfig = .editorconfig
		Directory.Build.props = Directory.Build.props
	EndProjectSection
EndProject
Project("{FAE04EC0-301F-11D3-BF4B-00C04F79EFBC}") = "BlazorServerApp", "Tutorials\BlazorServerApp\BlazorServerApp.csproj", "{D65CFF9A-4B79-4194-9E21-FE3C35368411}"
EndProject
Project("{2150E333-8FDC-42A3-9474-1A3956D46DE8}") = "Tutorials", "Tutorials", "{C71D436A-5B9C-476C-A63D-00E7A737D7ED}"
EndProject
Global
	GlobalSection(SolutionConfigurationPlatforms) = preSolution
		Debug|Any CPU = Debug|Any CPU
		Release|Any CPU = Release|Any CPU
	EndGlobalSection
	GlobalSection(ProjectConfigurationPlatforms) = postSolution
		{4B6D01CD-7AC9-41A0-BBFE-BEC9C4009BF0}.Debug|Any CPU.ActiveCfg = Debug|Any CPU
		{4B6D01CD-7AC9-41A0-BBFE-BEC9C4009BF0}.Debug|Any CPU.Build.0 = Debug|Any CPU
		{4B6D01CD-7AC9-41A0-BBFE-BEC9C4009BF0}.Release|Any CPU.ActiveCfg = Release|Any CPU
		{4B6D01CD-7AC9-41A0-BBFE-BEC9C4009BF0}.Release|Any CPU.Build.0 = Release|Any CPU
		{D65CFF9A-4B79-4194-9E21-FE3C35368411}.Debug|Any CPU.ActiveCfg = Debug|Any CPU
		{D65CFF9A-4B79-4194-9E21-FE3C35368411}.Debug|Any CPU.Build.0 = Debug|Any CPU
		{D65CFF9A-4B79-4194-9E21-FE3C35368411}.Release|Any CPU.ActiveCfg = Release|Any CPU
		{D65CFF9A-4B79-4194-9E21-FE3C35368411}.Release|Any CPU.Build.0 = Release|Any CPU
	EndGlobalSection
	GlobalSection(SolutionProperties) = preSolution
		HideSolutionNode = FALSE
	EndGlobalSection
	GlobalSection(NestedProjects) = preSolution
		{D65CFF9A-4B79-4194-9E21-FE3C35368411} = {C71D436A-5B9C-476C-A63D-00E7A737D7ED}
	EndGlobalSection
	GlobalSection(ExtensibilityGlobals) = postSolution
		SolutionGuid = {5D72A35E-DFBC-4AA6-96C0-5DFA658424BF}
	EndGlobalSection
EndGlobal
